
Microsoft Visual Studio Solution File, Format Version 12.00
# Visual Studio 15
VisualStudioVersion = 15.0.26124.0
MinimumVisualStudioVersion = 15.0.26124.0
Project("{9A19103F-16F7-4668-BE54-9A1E7A4F7556}") = "DotnetCsp.Core", "DotnetCsp.Core\DotnetCsp.Core.csproj", "{506BB925-DE1D-4C6F-9D9A-85F126EF16DB}"
EndProject
Project("{9A19103F-16F7-4668-BE54-9A1E7A4F7556}") = "DotnetCsp.Models", "DotnetCsp.Model\DotnetCsp.Models.csproj", "{5A46E5C2-962A-475C-8265-2BDD5CB6F533}"
EndProject
Project("{9A19103F-16F7-4668-BE54-9A1E7A4F7556}") = "DotnetCsp.Web.Services", "DotnetCsp.Web.Services\DotnetCsp.Web.Services.csproj", "{9D88EEE6-5E4C-4058-8394-1A8F06CE68ED}"
EndProject
Project("{9A19103F-16F7-4668-BE54-9A1E7A4F7556}") = "DotnetCsp.Web.Data", "DotnetCsp.Web.Data\DotnetCsp.Web.Data.csproj", "{CDCA2470-243D-40CC-A641-D5B23E3C53FF}"
EndProject
Project("{9A19103F-16F7-4668-BE54-9A1E7A4F7556}") = "DotnetCsp.Web.DataAccess", "DotnetCsp.Web.DataAccess\DotnetCsp.Web.DataAccess.csproj", "{059C4742-C067-4818-9B5F-018A3C61554A}"
EndProject
Project("{9A19103F-16F7-4668-BE54-9A1E7A4F7556}") = "DotnetCsp.Web.Business", "DotnetCsp.Web.Business\DotnetCsp.Web.Business.csproj", "{CABB285C-AFC6-4D20-B6A1-B0D9B31C2338}"
EndProject
Project("{9A19103F-16F7-4668-BE54-9A1E7A4F7556}") = "DotnetCsp.Web.Migrations", "DotnetCsp.Web.Migrations\DotnetCsp.Web.Migrations.csproj", "{348B23E8-0133-4F49-A5F5-29A821373F1D}"
EndProject
Project("{9A19103F-16F7-4668-BE54-9A1E7A4F7556}") = "DotnetCsp.Web.Injections", "DotnetCsp.Web.Injections\DotnetCsp.Web.Injections.csproj", "{3A1D7BE0-A7D1-49CE-A013-D57751985E41}"
EndProject
Project("{9A19103F-16F7-4668-BE54-9A1E7A4F7556}") = "DotnetCsp.Web.Constants", "DotnetCsp.Web.Constants\DotnetCsp.Web.Constants.csproj", "{7B5F2566-E5D4-4D49-9FB7-268BDAA54D4C}"
EndProject
Project("{9A19103F-16F7-4668-BE54-9A1E7A4F7556}") = "DotnetCsp.Website", "DotnetCsp.Website\DotnetCsp.Website.csproj", "{B226F55A-054E-42F5-9145-5280039C2D36}"
EndProject
Project("{9A19103F-16F7-4668-BE54-9A1E7A4F7556}") = "DotnetCsp.Web.Helpers", "DotnetCsp.Web.Helpers\DotnetCsp.Web.Helpers.csproj", "{1B63FD70-9ACC-42CE-AA8F-0BD99939C09B}"
EndProject
Project("{FAE04EC0-301F-11D3-BF4B-00C04F79EFBC}") = "DotnetCsp.WebAPI", "DotnetCsp.WebAPI\DotnetCsp.WebAPI.csproj", "{3189A75C-48EF-46B6-96C0-E561B7643C9A}"
EndProject
Project("{2150E333-8FDC-42A3-9474-1A3956D46DE8}") = "Common", "Common", "{22EEED79-716E-48BE-9493-31676C96D40D}"
EndProject
Project("{2150E333-8FDC-42A3-9474-1A3956D46DE8}") = "Web", "Web", "{B8925B28-FB6F-4FF3-9E1B-2BB58A14E8E6}"
EndProject
Project("{2150E333-8FDC-42A3-9474-1A3956D46DE8}") = "Web Helpers", "Web Helpers", "{15DBB5F1-AF95-4EAA-B792-B1B7A1976AA3}"
EndProject
Project("{2150E333-8FDC-42A3-9474-1A3956D46DE8}") = "Data", "Data", "{83E67C2F-12E8-41A2-854B-CB13C7C1603B}"
EndProject
Project("{2150E333-8FDC-42A3-9474-1A3956D46DE8}") = "Web apps", "Web apps", "{4FED3374-FEF0-4C96-B11C-72895E42DCB4}"
EndProject
Project("{2150E333-8FDC-42A3-9474-1A3956D46DE8}") = "App", "App", "{A3D3CB10-A7F6-444F-942F-F47E79CEF69D}"
EndProject
Project("{FAE04EC0-301F-11D3-BF4B-00C04F79EFBC}") = "DotnetCsp.App.DataAccess", "DotnetCsp.App.DataAccess\DotnetCsp.App.DataAccess.csproj", "{7205F62F-7947-4F0A-9100-A4D42B65B6A4}"
EndProject
Project("{FAE04EC0-301F-11D3-BF4B-00C04F79EFBC}") = "DotnetCsp.App.Connections", "DotnetCsp.App.Connections\DotnetCsp.App.Connections.csproj", "{1BEB9828-A717-4301-A9C6-90E51AC7A3B7}"
EndProject
Project("{FAE04EC0-301F-11D3-BF4B-00C04F79EFBC}") = "DotnetCsp.App.Business", "DotnetCsp.App.Business\DotnetCsp.App.Business.csproj", "{F4D48417-B8A8-4C58-A013-79910AD049E6}"
EndProject
Project("{2150E333-8FDC-42A3-9474-1A3956D46DE8}") = "Apps", "Apps", "{F51D2CDA-2EB5-4706-BF56-0A31960D57AE}"
EndProject
Project("{FAE04EC0-301F-11D3-BF4B-00C04F79EFBC}") = "dotnet-csp", "dotnet-csp\dotnet-csp.csproj", "{39A1687B-E629-4596-8FAB-674D91758FA9}"
EndProject
Global
	GlobalSection(SolutionConfigurationPlatforms) = preSolution
		Debug|Any CPU = Debug|Any CPU
		Debug|x64 = Debug|x64
		Debug|x86 = Debug|x86
		Release|Any CPU = Release|Any CPU
		Release|x64 = Release|x64
		Release|x86 = Release|x86
	EndGlobalSection
	GlobalSection(ProjectConfigurationPlatforms) = postSolution
		{506BB925-DE1D-4C6F-9D9A-85F126EF16DB}.Debug|Any CPU.ActiveCfg = Debug|Any CPU
		{506BB925-DE1D-4C6F-9D9A-85F126EF16DB}.Debug|Any CPU.Build.0 = Debug|Any CPU
		{506BB925-DE1D-4C6F-9D9A-85F126EF16DB}.Debug|x64.ActiveCfg = Debug|Any CPU
		{506BB925-DE1D-4C6F-9D9A-85F126EF16DB}.Debug|x64.Build.0 = Debug|Any CPU
		{506BB925-DE1D-4C6F-9D9A-85F126EF16DB}.Debug|x86.ActiveCfg = Debug|Any CPU
		{506BB925-DE1D-4C6F-9D9A-85F126EF16DB}.Debug|x86.Build.0 = Debug|Any CPU
		{506BB925-DE1D-4C6F-9D9A-85F126EF16DB}.Release|Any CPU.ActiveCfg = Release|Any CPU
		{506BB925-DE1D-4C6F-9D9A-85F126EF16DB}.Release|Any CPU.Build.0 = Release|Any CPU
		{506BB925-DE1D-4C6F-9D9A-85F126EF16DB}.Release|x64.ActiveCfg = Release|Any CPU
		{506BB925-DE1D-4C6F-9D9A-85F126EF16DB}.Release|x64.Build.0 = Release|Any CPU
		{506BB925-DE1D-4C6F-9D9A-85F126EF16DB}.Release|x86.ActiveCfg = Release|Any CPU
		{506BB925-DE1D-4C6F-9D9A-85F126EF16DB}.Release|x86.Build.0 = Release|Any CPU
		{5A46E5C2-962A-475C-8265-2BDD5CB6F533}.Debug|Any CPU.ActiveCfg = Debug|Any CPU
		{5A46E5C2-962A-475C-8265-2BDD5CB6F533}.Debug|Any CPU.Build.0 = Debug|Any CPU
		{5A46E5C2-962A-475C-8265-2BDD5CB6F533}.Debug|x64.ActiveCfg = Debug|Any CPU
		{5A46E5C2-962A-475C-8265-2BDD5CB6F533}.Debug|x64.Build.0 = Debug|Any CPU
		{5A46E5C2-962A-475C-8265-2BDD5CB6F533}.Debug|x86.ActiveCfg = Debug|Any CPU
		{5A46E5C2-962A-475C-8265-2BDD5CB6F533}.Debug|x86.Build.0 = Debug|Any CPU
		{5A46E5C2-962A-475C-8265-2BDD5CB6F533}.Release|Any CPU.ActiveCfg = Release|Any CPU
		{5A46E5C2-962A-475C-8265-2BDD5CB6F533}.Release|Any CPU.Build.0 = Release|Any CPU
		{5A46E5C2-962A-475C-8265-2BDD5CB6F533}.Release|x64.ActiveCfg = Release|Any CPU
		{5A46E5C2-962A-475C-8265-2BDD5CB6F533}.Release|x64.Build.0 = Release|Any CPU
		{5A46E5C2-962A-475C-8265-2BDD5CB6F533}.Release|x86.ActiveCfg = Release|Any CPU
		{5A46E5C2-962A-475C-8265-2BDD5CB6F533}.Release|x86.Build.0 = Release|Any CPU
		{9D88EEE6-5E4C-4058-8394-1A8F06CE68ED}.Debug|Any CPU.ActiveCfg = Debug|Any CPU
		{9D88EEE6-5E4C-4058-8394-1A8F06CE68ED}.Debug|Any CPU.Build.0 = Debug|Any CPU
		{9D88EEE6-5E4C-4058-8394-1A8F06CE68ED}.Debug|x64.ActiveCfg = Debug|Any CPU
		{9D88EEE6-5E4C-4058-8394-1A8F06CE68ED}.Debug|x64.Build.0 = Debug|Any CPU
		{9D88EEE6-5E4C-4058-8394-1A8F06CE68ED}.Debug|x86.ActiveCfg = Debug|Any CPU
		{9D88EEE6-5E4C-4058-8394-1A8F06CE68ED}.Debug|x86.Build.0 = Debug|Any CPU
		{9D88EEE6-5E4C-4058-8394-1A8F06CE68ED}.Release|Any CPU.ActiveCfg = Release|Any CPU
		{9D88EEE6-5E4C-4058-8394-1A8F06CE68ED}.Release|Any CPU.Build.0 = Release|Any CPU
		{9D88EEE6-5E4C-4058-8394-1A8F06CE68ED}.Release|x64.ActiveCfg = Release|Any CPU
		{9D88EEE6-5E4C-4058-8394-1A8F06CE68ED}.Release|x64.Build.0 = Release|Any CPU
		{9D88EEE6-5E4C-4058-8394-1A8F06CE68ED}.Release|x86.ActiveCfg = Release|Any CPU
		{9D88EEE6-5E4C-4058-8394-1A8F06CE68ED}.Release|x86.Build.0 = Release|Any CPU
		{CDCA2470-243D-40CC-A641-D5B23E3C53FF}.Debug|Any CPU.ActiveCfg = Debug|Any CPU
		{CDCA2470-243D-40CC-A641-D5B23E3C53FF}.Debug|Any CPU.Build.0 = Debug|Any CPU
		{CDCA2470-243D-40CC-A641-D5B23E3C53FF}.Debug|x64.ActiveCfg = Debug|Any CPU
		{CDCA2470-243D-40CC-A641-D5B23E3C53FF}.Debug|x64.Build.0 = Debug|Any CPU
		{CDCA2470-243D-40CC-A641-D5B23E3C53FF}.Debug|x86.ActiveCfg = Debug|Any CPU
		{CDCA2470-243D-40CC-A641-D5B23E3C53FF}.Debug|x86.Build.0 = Debug|Any CPU
		{CDCA2470-243D-40CC-A641-D5B23E3C53FF}.Release|Any CPU.ActiveCfg = Release|Any CPU
		{CDCA2470-243D-40CC-A641-D5B23E3C53FF}.Release|Any CPU.Build.0 = Release|Any CPU
		{CDCA2470-243D-40CC-A641-D5B23E3C53FF}.Release|x64.ActiveCfg = Release|Any CPU
		{CDCA2470-243D-40CC-A641-D5B23E3C53FF}.Release|x64.Build.0 = Release|Any CPU
		{CDCA2470-243D-40CC-A641-D5B23E3C53FF}.Release|x86.ActiveCfg = Release|Any CPU
		{CDCA2470-243D-40CC-A641-D5B23E3C53FF}.Release|x86.Build.0 = Release|Any CPU
		{059C4742-C067-4818-9B5F-018A3C61554A}.Debug|Any CPU.ActiveCfg = Debug|Any CPU
		{059C4742-C067-4818-9B5F-018A3C61554A}.Debug|Any CPU.Build.0 = Debug|Any CPU
		{059C4742-C067-4818-9B5F-018A3C61554A}.Debug|x64.ActiveCfg = Debug|Any CPU
		{059C4742-C067-4818-9B5F-018A3C61554A}.Debug|x64.Build.0 = Debug|Any CPU
		{059C4742-C067-4818-9B5F-018A3C61554A}.Debug|x86.ActiveCfg = Debug|Any CPU
		{059C4742-C067-4818-9B5F-018A3C61554A}.Debug|x86.Build.0 = Debug|Any CPU
		{059C4742-C067-4818-9B5F-018A3C61554A}.Release|Any CPU.ActiveCfg = Release|Any CPU
		{059C4742-C067-4818-9B5F-018A3C61554A}.Release|Any CPU.Build.0 = Release|Any CPU
		{059C4742-C067-4818-9B5F-018A3C61554A}.Release|x64.ActiveCfg = Release|Any CPU
		{059C4742-C067-4818-9B5F-018A3C61554A}.Release|x64.Build.0 = Release|Any CPU
		{059C4742-C067-4818-9B5F-018A3C61554A}.Release|x86.ActiveCfg = Release|Any CPU
		{059C4742-C067-4818-9B5F-018A3C61554A}.Release|x86.Build.0 = Release|Any CPU
		{CABB285C-AFC6-4D20-B6A1-B0D9B31C2338}.Debug|Any CPU.ActiveCfg = Debug|Any CPU
		{CABB285C-AFC6-4D20-B6A1-B0D9B31C2338}.Debug|Any CPU.Build.0 = Debug|Any CPU
		{CABB285C-AFC6-4D20-B6A1-B0D9B31C2338}.Debug|x64.ActiveCfg = Debug|Any CPU
		{CABB285C-AFC6-4D20-B6A1-B0D9B31C2338}.Debug|x64.Build.0 = Debug|Any CPU
		{CABB285C-AFC6-4D20-B6A1-B0D9B31C2338}.Debug|x86.ActiveCfg = Debug|Any CPU
		{CABB285C-AFC6-4D20-B6A1-B0D9B31C2338}.Debug|x86.Build.0 = Debug|Any CPU
		{CABB285C-AFC6-4D20-B6A1-B0D9B31C2338}.Release|Any CPU.ActiveCfg = Release|Any CPU
		{CABB285C-AFC6-4D20-B6A1-B0D9B31C2338}.Release|Any CPU.Build.0 = Release|Any CPU
		{CABB285C-AFC6-4D20-B6A1-B0D9B31C2338}.Release|x64.ActiveCfg = Release|Any CPU
		{CABB285C-AFC6-4D20-B6A1-B0D9B31C2338}.Release|x64.Build.0 = Release|Any CPU
		{CABB285C-AFC6-4D20-B6A1-B0D9B31C2338}.Release|x86.ActiveCfg = Release|Any CPU
		{CABB285C-AFC6-4D20-B6A1-B0D9B31C2338}.Release|x86.Build.0 = Release|Any CPU
		{348B23E8-0133-4F49-A5F5-29A821373F1D}.Debug|Any CPU.ActiveCfg = Debug|Any CPU
		{348B23E8-0133-4F49-A5F5-29A821373F1D}.Debug|Any CPU.Build.0 = Debug|Any CPU
		{348B23E8-0133-4F49-A5F5-29A821373F1D}.Debug|x64.ActiveCfg = Debug|Any CPU
		{348B23E8-0133-4F49-A5F5-29A821373F1D}.Debug|x64.Build.0 = Debug|Any CPU
		{348B23E8-0133-4F49-A5F5-29A821373F1D}.Debug|x86.ActiveCfg = Debug|Any CPU
		{348B23E8-0133-4F49-A5F5-29A821373F1D}.Debug|x86.Build.0 = Debug|Any CPU
		{348B23E8-0133-4F49-A5F5-29A821373F1D}.Release|Any CPU.ActiveCfg = Release|Any CPU
		{348B23E8-0133-4F49-A5F5-29A821373F1D}.Release|Any CPU.Build.0 = Release|Any CPU
		{348B23E8-0133-4F49-A5F5-29A821373F1D}.Release|x64.ActiveCfg = Release|Any CPU
		{348B23E8-0133-4F49-A5F5-29A821373F1D}.Release|x64.Build.0 = Release|Any CPU
		{348B23E8-0133-4F49-A5F5-29A821373F1D}.Release|x86.ActiveCfg = Release|Any CPU
		{348B23E8-0133-4F49-A5F5-29A821373F1D}.Release|x86.Build.0 = Release|Any CPU
		{3A1D7BE0-A7D1-49CE-A013-D57751985E41}.Debug|Any CPU.ActiveCfg = Debug|Any CPU
		{3A1D7BE0-A7D1-49CE-A013-D57751985E41}.Debug|Any CPU.Build.0 = Debug|Any CPU
		{3A1D7BE0-A7D1-49CE-A013-D57751985E41}.Debug|x64.ActiveCfg = Debug|Any CPU
		{3A1D7BE0-A7D1-49CE-A013-D57751985E41}.Debug|x64.Build.0 = Debug|Any CPU
		{3A1D7BE0-A7D1-49CE-A013-D57751985E41}.Debug|x86.ActiveCfg = Debug|Any CPU
		{3A1D7BE0-A7D1-49CE-A013-D57751985E41}.Debug|x86.Build.0 = Debug|Any CPU
		{3A1D7BE0-A7D1-49CE-A013-D57751985E41}.Release|Any CPU.ActiveCfg = Release|Any CPU
		{3A1D7BE0-A7D1-49CE-A013-D57751985E41}.Release|Any CPU.Build.0 = Release|Any CPU
		{3A1D7BE0-A7D1-49CE-A013-D57751985E41}.Release|x64.ActiveCfg = Release|Any CPU
		{3A1D7BE0-A7D1-49CE-A013-D57751985E41}.Release|x64.Build.0 = Release|Any CPU
		{3A1D7BE0-A7D1-49CE-A013-D57751985E41}.Release|x86.ActiveCfg = Release|Any CPU
		{3A1D7BE0-A7D1-49CE-A013-D57751985E41}.Release|x86.Build.0 = Release|Any CPU
		{7B5F2566-E5D4-4D49-9FB7-268BDAA54D4C}.Debug|Any CPU.ActiveCfg = Debug|Any CPU
		{7B5F2566-E5D4-4D49-9FB7-268BDAA54D4C}.Debug|Any CPU.Build.0 = Debug|Any CPU
		{7B5F2566-E5D4-4D49-9FB7-268BDAA54D4C}.Debug|x64.ActiveCfg = Debug|Any CPU
		{7B5F2566-E5D4-4D49-9FB7-268BDAA54D4C}.Debug|x64.Build.0 = Debug|Any CPU
		{7B5F2566-E5D4-4D49-9FB7-268BDAA54D4C}.Debug|x86.ActiveCfg = Debug|Any CPU
		{7B5F2566-E5D4-4D49-9FB7-268BDAA54D4C}.Debug|x86.Build.0 = Debug|Any CPU
		{7B5F2566-E5D4-4D49-9FB7-268BDAA54D4C}.Release|Any CPU.ActiveCfg = Release|Any CPU
		{7B5F2566-E5D4-4D49-9FB7-268BDAA54D4C}.Release|Any CPU.Build.0 = Release|Any CPU
		{7B5F2566-E5D4-4D49-9FB7-268BDAA54D4C}.Release|x64.ActiveCfg = Release|Any CPU
		{7B5F2566-E5D4-4D49-9FB7-268BDAA54D4C}.Release|x64.Build.0 = Release|Any CPU
		{7B5F2566-E5D4-4D49-9FB7-268BDAA54D4C}.Release|x86.ActiveCfg = Release|Any CPU
		{7B5F2566-E5D4-4D49-9FB7-268BDAA54D4C}.Release|x86.Build.0 = Release|Any CPU
		{B226F55A-054E-42F5-9145-5280039C2D36}.Debug|Any CPU.ActiveCfg = Debug|Any CPU
		{B226F55A-054E-42F5-9145-5280039C2D36}.Debug|Any CPU.Build.0 = Debug|Any CPU
		{B226F55A-054E-42F5-9145-5280039C2D36}.Debug|x64.ActiveCfg = Debug|Any CPU
		{B226F55A-054E-42F5-9145-5280039C2D36}.Debug|x64.Build.0 = Debug|Any CPU
		{B226F55A-054E-42F5-9145-5280039C2D36}.Debug|x86.ActiveCfg = Debug|Any CPU
		{B226F55A-054E-42F5-9145-5280039C2D36}.Debug|x86.Build.0 = Debug|Any CPU
		{B226F55A-054E-42F5-9145-5280039C2D36}.Release|Any CPU.ActiveCfg = Release|Any CPU
		{B226F55A-054E-42F5-9145-5280039C2D36}.Release|Any CPU.Build.0 = Release|Any CPU
		{B226F55A-054E-42F5-9145-5280039C2D36}.Release|x64.ActiveCfg = Release|Any CPU
		{B226F55A-054E-42F5-9145-5280039C2D36}.Release|x64.Build.0 = Release|Any CPU
		{B226F55A-054E-42F5-9145-5280039C2D36}.Release|x86.ActiveCfg = Release|Any CPU
		{B226F55A-054E-42F5-9145-5280039C2D36}.Release|x86.Build.0 = Release|Any CPU
		{1B63FD70-9ACC-42CE-AA8F-0BD99939C09B}.Debug|Any CPU.ActiveCfg = Debug|Any CPU
		{1B63FD70-9ACC-42CE-AA8F-0BD99939C09B}.Debug|Any CPU.Build.0 = Debug|Any CPU
		{1B63FD70-9ACC-42CE-AA8F-0BD99939C09B}.Debug|x64.ActiveCfg = Debug|Any CPU
		{1B63FD70-9ACC-42CE-AA8F-0BD99939C09B}.Debug|x64.Build.0 = Debug|Any CPU
		{1B63FD70-9ACC-42CE-AA8F-0BD99939C09B}.Debug|x86.ActiveCfg = Debug|Any CPU
		{1B63FD70-9ACC-42CE-AA8F-0BD99939C09B}.Debug|x86.Build.0 = Debug|Any CPU
		{1B63FD70-9ACC-42CE-AA8F-0BD99939C09B}.Release|Any CPU.ActiveCfg = Release|Any CPU
		{1B63FD70-9ACC-42CE-AA8F-0BD99939C09B}.Release|Any CPU.Build.0 = Release|Any CPU
		{1B63FD70-9ACC-42CE-AA8F-0BD99939C09B}.Release|x64.ActiveCfg = Release|Any CPU
		{1B63FD70-9ACC-42CE-AA8F-0BD99939C09B}.Release|x64.Build.0 = Release|Any CPU
		{1B63FD70-9ACC-42CE-AA8F-0BD99939C09B}.Release|x86.ActiveCfg = Release|Any CPU
		{1B63FD70-9ACC-42CE-AA8F-0BD99939C09B}.Release|x86.Build.0 = Release|Any CPU
		{3189A75C-48EF-46B6-96C0-E561B7643C9A}.Debug|Any CPU.ActiveCfg = Debug|Any CPU
		{3189A75C-48EF-46B6-96C0-E561B7643C9A}.Debug|Any CPU.Build.0 = Debug|Any CPU
		{3189A75C-48EF-46B6-96C0-E561B7643C9A}.Debug|x64.ActiveCfg = Debug|Any CPU
		{3189A75C-48EF-46B6-96C0-E561B7643C9A}.Debug|x64.Build.0 = Debug|Any CPU
		{3189A75C-48EF-46B6-96C0-E561B7643C9A}.Debug|x86.ActiveCfg = Debug|Any CPU
		{3189A75C-48EF-46B6-96C0-E561B7643C9A}.Debug|x86.Build.0 = Debug|Any CPU
		{3189A75C-48EF-46B6-96C0-E561B7643C9A}.Release|Any CPU.ActiveCfg = Release|Any CPU
		{3189A75C-48EF-46B6-96C0-E561B7643C9A}.Release|Any CPU.Build.0 = Release|Any CPU
		{3189A75C-48EF-46B6-96C0-E561B7643C9A}.Release|x64.ActiveCfg = Release|Any CPU
		{3189A75C-48EF-46B6-96C0-E561B7643C9A}.Release|x64.Build.0 = Release|Any CPU
		{3189A75C-48EF-46B6-96C0-E561B7643C9A}.Release|x86.ActiveCfg = Release|Any CPU
		{3189A75C-48EF-46B6-96C0-E561B7643C9A}.Release|x86.Build.0 = Release|Any CPU
		{7205F62F-7947-4F0A-9100-A4D42B65B6A4}.Debug|Any CPU.ActiveCfg = Debug|Any CPU
		{7205F62F-7947-4F0A-9100-A4D42B65B6A4}.Debug|Any CPU.Build.0 = Debug|Any CPU
		{7205F62F-7947-4F0A-9100-A4D42B65B6A4}.Debug|x64.ActiveCfg = Debug|Any CPU
		{7205F62F-7947-4F0A-9100-A4D42B65B6A4}.Debug|x64.Build.0 = Debug|Any CPU
		{7205F62F-7947-4F0A-9100-A4D42B65B6A4}.Debug|x86.ActiveCfg = Debug|Any CPU
		{7205F62F-7947-4F0A-9100-A4D42B65B6A4}.Debug|x86.Build.0 = Debug|Any CPU
		{7205F62F-7947-4F0A-9100-A4D42B65B6A4}.Release|Any CPU.ActiveCfg = Release|Any CPU
		{7205F62F-7947-4F0A-9100-A4D42B65B6A4}.Release|Any CPU.Build.0 = Release|Any CPU
		{7205F62F-7947-4F0A-9100-A4D42B65B6A4}.Release|x64.ActiveCfg = Release|Any CPU
		{7205F62F-7947-4F0A-9100-A4D42B65B6A4}.Release|x64.Build.0 = Release|Any CPU
		{7205F62F-7947-4F0A-9100-A4D42B65B6A4}.Release|x86.ActiveCfg = Release|Any CPU
		{7205F62F-7947-4F0A-9100-A4D42B65B6A4}.Release|x86.Build.0 = Release|Any CPU
		{1BEB9828-A717-4301-A9C6-90E51AC7A3B7}.Debug|Any CPU.ActiveCfg = Debug|Any CPU
		{1BEB9828-A717-4301-A9C6-90E51AC7A3B7}.Debug|Any CPU.Build.0 = Debug|Any CPU
		{1BEB9828-A717-4301-A9C6-90E51AC7A3B7}.Debug|x64.ActiveCfg = Debug|Any CPU
		{1BEB9828-A717-4301-A9C6-90E51AC7A3B7}.Debug|x64.Build.0 = Debug|Any CPU
		{1BEB9828-A717-4301-A9C6-90E51AC7A3B7}.Debug|x86.ActiveCfg = Debug|Any CPU
		{1BEB9828-A717-4301-A9C6-90E51AC7A3B7}.Debug|x86.Build.0 = Debug|Any CPU
		{1BEB9828-A717-4301-A9C6-90E51AC7A3B7}.Release|Any CPU.ActiveCfg = Release|Any CPU
		{1BEB9828-A717-4301-A9C6-90E51AC7A3B7}.Release|Any CPU.Build.0 = Release|Any CPU
		{1BEB9828-A717-4301-A9C6-90E51AC7A3B7}.Release|x64.ActiveCfg = Release|Any CPU
		{1BEB9828-A717-4301-A9C6-90E51AC7A3B7}.Release|x64.Build.0 = Release|Any CPU
		{1BEB9828-A717-4301-A9C6-90E51AC7A3B7}.Release|x86.ActiveCfg = Release|Any CPU
		{1BEB9828-A717-4301-A9C6-90E51AC7A3B7}.Release|x86.Build.0 = Release|Any CPU
		{F4D48417-B8A8-4C58-A013-79910AD049E6}.Debug|Any CPU.ActiveCfg = Debug|Any CPU
		{F4D48417-B8A8-4C58-A013-79910AD049E6}.Debug|Any CPU.Build.0 = Debug|Any CPU
		{F4D48417-B8A8-4C58-A013-79910AD049E6}.Debug|x64.ActiveCfg = Debug|Any CPU
		{F4D48417-B8A8-4C58-A013-79910AD049E6}.Debug|x64.Build.0 = Debug|Any CPU
		{F4D48417-B8A8-4C58-A013-79910AD049E6}.Debug|x86.ActiveCfg = Debug|Any CPU
		{F4D48417-B8A8-4C58-A013-79910AD049E6}.Debug|x86.Build.0 = Debug|Any CPU
		{F4D48417-B8A8-4C58-A013-79910AD049E6}.Release|Any CPU.ActiveCfg = Release|Any CPU
		{F4D48417-B8A8-4C58-A013-79910AD049E6}.Release|Any CPU.Build.0 = Release|Any CPU
		{F4D48417-B8A8-4C58-A013-79910AD049E6}.Release|x64.ActiveCfg = Release|Any CPU
		{F4D48417-B8A8-4C58-A013-79910AD049E6}.Release|x64.Build.0 = Release|Any CPU
		{F4D48417-B8A8-4C58-A013-79910AD049E6}.Release|x86.ActiveCfg = Release|Any CPU
		{F4D48417-B8A8-4C58-A013-79910AD049E6}.Release|x86.Build.0 = Release|Any CPU
		{39A1687B-E629-4596-8FAB-674D91758FA9}.Debug|Any CPU.ActiveCfg = Debug|Any CPU
		{39A1687B-E629-4596-8FAB-674D91758FA9}.Debug|Any CPU.Build.0 = Debug|Any CPU
		{39A1687B-E629-4596-8FAB-674D91758FA9}.Debug|x64.ActiveCfg = Debug|Any CPU
		{39A1687B-E629-4596-8FAB-674D91758FA9}.Debug|x64.Build.0 = Debug|Any CPU
		{39A1687B-E629-4596-8FAB-674D91758FA9}.Debug|x86.ActiveCfg = Debug|Any CPU
		{39A1687B-E629-4596-8FAB-674D91758FA9}.Debug|x86.Build.0 = Debug|Any CPU
		{39A1687B-E629-4596-8FAB-674D91758FA9}.Release|Any CPU.ActiveCfg = Release|Any CPU
		{39A1687B-E629-4596-8FAB-674D91758FA9}.Release|Any CPU.Build.0 = Release|Any CPU
		{39A1687B-E629-4596-8FAB-674D91758FA9}.Release|x64.ActiveCfg = Release|Any CPU
		{39A1687B-E629-4596-8FAB-674D91758FA9}.Release|x64.Build.0 = Release|Any CPU
		{39A1687B-E629-4596-8FAB-674D91758FA9}.Release|x86.ActiveCfg = Release|Any CPU
		{39A1687B-E629-4596-8FAB-674D91758FA9}.Release|x86.Build.0 = Release|Any CPU
	EndGlobalSection
	GlobalSection(SolutionProperties) = preSolution
		HideSolutionNode = FALSE
	EndGlobalSection
	GlobalSection(NestedProjects) = preSolution
		{506BB925-DE1D-4C6F-9D9A-85F126EF16DB} = {22EEED79-716E-48BE-9493-31676C96D40D}
		{5A46E5C2-962A-475C-8265-2BDD5CB6F533} = {22EEED79-716E-48BE-9493-31676C96D40D}
		{9D88EEE6-5E4C-4058-8394-1A8F06CE68ED} = {B8925B28-FB6F-4FF3-9E1B-2BB58A14E8E6}
		{CDCA2470-243D-40CC-A641-D5B23E3C53FF} = {83E67C2F-12E8-41A2-854B-CB13C7C1603B}
		{059C4742-C067-4818-9B5F-018A3C61554A} = {83E67C2F-12E8-41A2-854B-CB13C7C1603B}
		{CABB285C-AFC6-4D20-B6A1-B0D9B31C2338} = {B8925B28-FB6F-4FF3-9E1B-2BB58A14E8E6}
		{348B23E8-0133-4F49-A5F5-29A821373F1D} = {83E67C2F-12E8-41A2-854B-CB13C7C1603B}
		{3A1D7BE0-A7D1-49CE-A013-D57751985E41} = {B8925B28-FB6F-4FF3-9E1B-2BB58A14E8E6}
		{7B5F2566-E5D4-4D49-9FB7-268BDAA54D4C} = {15DBB5F1-AF95-4EAA-B792-B1B7A1976AA3}
		{B226F55A-054E-42F5-9145-5280039C2D36} = {4FED3374-FEF0-4C96-B11C-72895E42DCB4}
		{1B63FD70-9ACC-42CE-AA8F-0BD99939C09B} = {15DBB5F1-AF95-4EAA-B792-B1B7A1976AA3}
		{3189A75C-48EF-46B6-96C0-E561B7643C9A} = {4FED3374-FEF0-4C96-B11C-72895E42DCB4}
		{7205F62F-7947-4F0A-9100-A4D42B65B6A4} = {A3D3CB10-A7F6-444F-942F-F47E79CEF69D}
		{1BEB9828-A717-4301-A9C6-90E51AC7A3B7} = {A3D3CB10-A7F6-444F-942F-F47E79CEF69D}
		{F4D48417-B8A8-4C58-A013-79910AD049E6} = {A3D3CB10-A7F6-444F-942F-F47E79CEF69D}
		{39A1687B-E629-4596-8FAB-674D91758FA9} = {F51D2CDA-2EB5-4706-BF56-0A31960D57AE}
	EndGlobalSection
	GlobalSection(ExtensibilityGlobals) = postSolution
		SolutionGuid = {AC823EF5-E55C-48BE-A232-D8C3F8E08880}
	EndGlobalSection
EndGlobal
